
Microsoft Visual Studio Solution File, Format Version 12.00
# Visual Studio Version 17
VisualStudioVersion = 17.12.35521.163 d17.12
MinimumVisualStudioVersion = 10.0.40219.1
Project("{FAE04EC0-301F-11D3-BF4B-00C04F79EFBC}") = "Indexer, List, Namespace, ClassLibrary", "Indexer, List, Namespace, ClassLibrary.csproj", "{60E446A1-9A8F-45A5-A173-CD177194EFAA}"
EndProject
Project("{FAE04EC0-301F-11D3-BF4B-00C04F79EFBC}") = "ClassLib", "..\Helper\ClassLib.csproj", "{B9C9CC9E-7A0B-4988-8715-2252EBE2A82C}"
EndProject
Global
	GlobalSection(SolutionConfigurationPlatforms) = preSolution
		Debug|Any CPU = Debug|Any CPU
		Release|Any CPU = Release|Any CPU
	EndGlobalSection
	GlobalSection(ProjectConfigurationPlatforms) = postSolution
		{60E446A1-9A8F-45A5-A173-CD177194EFAA}.Debug|Any CPU.ActiveCfg = Debug|Any CPU
		{60E446A1-9A8F-45A5-A173-CD177194EFAA}.Debug|Any CPU.Build.0 = Debug|Any CPU
		{60E446A1-9A8F-45A5-A173-CD177194EFAA}.Release|Any CPU.ActiveCfg = Release|Any CPU
		{60E446A1-9A8F-45A5-A173-CD177194EFAA}.Release|Any CPU.Build.0 = Release|Any CPU
		{B9C9CC9E-7A0B-4988-8715-2252EBE2A82C}.Debug|Any CPU.ActiveCfg = Debug|Any CPU
		{B9C9CC9E-7A0B-4988-8715-2252EBE2A82C}.Debug|Any CPU.Build.0 = Debug|Any CPU
		{B9C9CC9E-7A0B-4988-8715-2252EBE2A82C}.Release|Any CPU.ActiveCfg = Release|Any CPU
		{B9C9CC9E-7A0B-4988-8715-2252EBE2A82C}.Release|Any CPU.Build.0 = Release|Any CPU
	EndGlobalSection
	GlobalSection(SolutionProperties) = preSolution
		HideSolutionNode = FALSE
	EndGlobalSection
EndGlobal
